
Microsoft Visual Studio Solution File, Format Version 12.00
# Visual Studio Version 17
VisualStudioVersion = 17.6.33829.357
MinimumVisualStudioVersion = 10.0.40219.1
Project("{9A19103F-16F7-4668-BE54-9A1E7A4F7556}") = "DuplexSpyCS", "DuplexSpyCS\DuplexSpyCS.csproj", "{F87F9786-AA12-492C-A3D7-713416AC14A5}"
EndProject
Project("{9A19103F-16F7-4668-BE54-9A1E7A4F7556}") = "WebcamTest", "WebcamTest\WebcamTest.csproj", "{E7F3EDB3-0789-4D11-A950-E33ADE0BDF65}"
EndProject
Project("{FAE04EC0-301F-11D3-BF4B-00C04F79EFBC}") = "webcam48test", "webcam48test\webcam48test.csproj", "{F8737FC2-3788-4BC5-B080-9AAB735B4DEF}"
EndProject
Project("{FAE04EC0-301F-11D3-BF4B-00C04F79EFBC}") = "key_test", "key_test\key_test.csproj", "{051D1E50-F563-44B4-B474-3817158AE5A4}"
EndProject
Project("{FAE04EC0-301F-11D3-BF4B-00C04F79EFBC}") = "MsgBoxTest", "MsgBoxTest\MsgBoxTest.csproj", "{B7E0C529-BD28-4EEB-B8E9-9F0C21017903}"
EndProject
Project("{FAE04EC0-301F-11D3-BF4B-00C04F79EFBC}") = "wmi_test", "wmi_test\wmi_test.csproj", "{48F456C2-12A9-4E78-9FEB-EE3AF97F283E}"
EndProject
Project("{FAE04EC0-301F-11D3-BF4B-00C04F79EFBC}") = "testConn", "testConn\testConn.csproj", "{1AE74413-C8DB-412E-90E6-06D3341260B4}"
EndProject
Project("{FAE04EC0-301F-11D3-BF4B-00C04F79EFBC}") = "test_window", "test_window\test_window.csproj", "{F06FD9B9-0BC5-4330-AD42-315227F173F9}"
EndProject
Project("{FAE04EC0-301F-11D3-BF4B-00C04F79EFBC}") = "test_keylogger", "test_keylogger\test_keylogger.csproj", "{9B4BD788-F2F2-4772-80D3-56831B8C268F}"
EndProject
Project("{FAE04EC0-301F-11D3-BF4B-00C04F79EFBC}") = "test_antiprocess", "test_antiprocess\test_antiprocess.csproj", "{6678B335-085F-4B7A-808B-55E0A3C682DE}"
EndProject
Project("{FAE04EC0-301F-11D3-BF4B-00C04F79EFBC}") = "test_audio", "test_audio\test_audio.csproj", "{596C46BB-4127-4A0F-90FE-AC30FEE780F8}"
EndProject
Project("{8BC9CEB8-8B4A-11D0-8D11-00A0C91BC942}") = "CppClient", "CppClient\CppClient.vcxproj", "{FA46434F-F1E8-4A94-8DBF-87F70E5D3358}"
EndProject
Project("{8BC9CEB8-8B4A-11D0-8D11-00A0C91BC942}") = "CppClient2", "CppClient2\CppClient2.vcxproj", "{D860386B-49B5-4809-BCB0-C2D7EBF1D519}"
EndProject
Project("{8BC9CEB8-8B4A-11D0-8D11-00A0C91BC942}") = "CppClient3", "CppClient3\CppClient3.vcxproj", "{D9E61E51-5961-4003-91D9-473C3B405A79}"
EndProject
Project("{FAE04EC0-301F-11D3-BF4B-00C04F79EFBC}") = "test_UAC", "test_UAC\test_UAC.csproj", "{C2DFB239-D52D-44F4-A89A-4D33DB320474}"
EndProject
Project("{FAE04EC0-301F-11D3-BF4B-00C04F79EFBC}") = "test_mute", "test_mute\test_mute.csproj", "{904F9FC7-EA22-46A6-845F-2E3A5962750D}"
EndProject
Project("{2150E333-8FDC-42A3-9474-1A3956D46DE8}") = "Plugin", "Plugin", "{61138649-755F-47E7-B93E-4C826A8705F2}"
EndProject
Project("{9A19103F-16F7-4668-BE54-9A1E7A4F7556}") = "frmLAN_server", "frmLAN_server\frmLAN_server.csproj", "{AF88311A-B123-41D4-82B8-72929D96EF5C}"
EndProject
Project("{FAE04EC0-301F-11D3-BF4B-00C04F79EFBC}") = "libBrowserDumper", "libBrowserDumper\libBrowserDumper.csproj", "{534408F8-D14D-4466-85C1-DC36EF5469F2}"
EndProject
Project("{9A19103F-16F7-4668-BE54-9A1E7A4F7556}") = "regTest", "regTest\regTest.csproj", "{9EAD68CB-D0F9-44CB-87AE-DBD3F0CF5A23}"
EndProject
Project("{2150E333-8FDC-42A3-9474-1A3956D46DE8}") = "Lab", "Lab", "{97DAF923-FBC3-4FDA-B1E0-B143D1758A9E}"
EndProject
Project("{9A19103F-16F7-4668-BE54-9A1E7A4F7556}") = "ParentPanel", "ParentPanel\ParentPanel.csproj", "{22322F0A-34C2-47F6-989C-736A69B68562}"
EndProject
Project("{9A19103F-16F7-4668-BE54-9A1E7A4F7556}") = "WpfCustomControlLibrary1", "WpfCustomControlLibrary1\WpfCustomControlLibrary1.csproj", "{EBF195F9-4860-4FCF-A7F8-AEBD0DF3EB75}"
EndProject
Project("{FAE04EC0-301F-11D3-BF4B-00C04F79EFBC}") = "ServiceTest", "ServiceTest\ServiceTest.csproj", "{D2A559A4-F0A4-4DB2-9923-35E87B91B683}"
EndProject
Project("{9A19103F-16F7-4668-BE54-9A1E7A4F7556}") = "WindowCapture", "WindowCapture\WindowCapture.csproj", "{67A3652F-C176-4830-83E4-6A892A3FB2C2}"
EndProject
Project("{FAE04EC0-301F-11D3-BF4B-00C04F79EFBC}") = "JsonTest", "JsonTest\JsonTest.csproj", "{5A3133DD-C53A-4D7F-A0FB-4D97913B94BC}"
EndProject
Project("{8BC9CEB8-8B4A-11D0-8D11-00A0C91BC942}") = "ChangeIcon", "ChangeIcon\ChangeIcon.vcxproj", "{68408D21-956A-4A11-B5BA-68506AD9F2CC}"
EndProject
Project("{9A19103F-16F7-4668-BE54-9A1E7A4F7556}") = "wallpaper", "wallpaper\wallpaper.csproj", "{CDB64FB3-2E3A-4AB5-AD6A-127BD7537438}"
EndProject
Project("{9A19103F-16F7-4668-BE54-9A1E7A4F7556}") = "DllLoader", "DllLoader\DllLoader.csproj", "{B711E509-6968-4A9F-B5FA-FAD5704ED0BA}"
EndProject
Project("{9A19103F-16F7-4668-BE54-9A1E7A4F7556}") = "LoadToMemory", "LoadToMemory\LoadToMemory.csproj", "{93414A89-0EF0-4596-8F2A-E8B62D9FE734}"
EndProject
Project("{FAE04EC0-301F-11D3-BF4B-00C04F79EFBC}") = "Fileless", "Fileless\Fileless.csproj", "{5E8E79E8-43D0-4110-9EDA-4901B788A854}"
EndProject
Project("{2150E333-8FDC-42A3-9474-1A3956D46DE8}") = "winClient", "winClient", "{7D08FF1A-94A8-4869-A8DC-DF148D2B855A}"
EndProject
Project("{FAE04EC0-301F-11D3-BF4B-00C04F79EFBC}") = "DllTest", "DllTest\DllTest.csproj", "{14B90A13-50A9-46F1-98A0-0813C0FA5F5A}"
EndProject
Project("{FAE04EC0-301F-11D3-BF4B-00C04F79EFBC}") = "winClientDLL", "winClientDLL\winClientDLL.csproj", "{BC613FFE-6A47-46ED-A950-513EA120F5B3}"
EndProject
Project("{FAE04EC0-301F-11D3-BF4B-00C04F79EFBC}") = "Tipoff", "Tipoff\Tipoff.csproj", "{D383F705-3FBB-4DB8-AEF3-E67F00F54851}"
EndProject
Project("{FAE04EC0-301F-11D3-BF4B-00C04F79EFBC}") = "SetupTest", "SetupTest\SetupTest.csproj", "{9E151A63-9E6D-4464-9BBC-77CCEAC56DDE}"
EndProject
Global
	GlobalSection(SolutionConfigurationPlatforms) = preSolution
		Debug|Any CPU = Debug|Any CPU
		Debug|x64 = Debug|x64
		Debug|x86 = Debug|x86
		Release|Any CPU = Release|Any CPU
		Release|x64 = Release|x64
		Release|x86 = Release|x86
	EndGlobalSection
	GlobalSection(ProjectConfigurationPlatforms) = postSolution
		{F87F9786-AA12-492C-A3D7-713416AC14A5}.Debug|Any CPU.ActiveCfg = Debug|Any CPU
		{F87F9786-AA12-492C-A3D7-713416AC14A5}.Debug|Any CPU.Build.0 = Debug|Any CPU
		{F87F9786-AA12-492C-A3D7-713416AC14A5}.Debug|x64.ActiveCfg = Debug|Any CPU
		{F87F9786-AA12-492C-A3D7-713416AC14A5}.Debug|x64.Build.0 = Debug|Any CPU
		{F87F9786-AA12-492C-A3D7-713416AC14A5}.Debug|x86.ActiveCfg = Debug|Any CPU
		{F87F9786-AA12-492C-A3D7-713416AC14A5}.Debug|x86.Build.0 = Debug|Any CPU
		{F87F9786-AA12-492C-A3D7-713416AC14A5}.Release|Any CPU.ActiveCfg = Release|Any CPU
		{F87F9786-AA12-492C-A3D7-713416AC14A5}.Release|Any CPU.Build.0 = Release|Any CPU
		{F87F9786-AA12-492C-A3D7-713416AC14A5}.Release|x64.ActiveCfg = Release|Any CPU
		{F87F9786-AA12-492C-A3D7-713416AC14A5}.Release|x64.Build.0 = Release|Any CPU
		{F87F9786-AA12-492C-A3D7-713416AC14A5}.Release|x86.ActiveCfg = Release|Any CPU
		{F87F9786-AA12-492C-A3D7-713416AC14A5}.Release|x86.Build.0 = Release|Any CPU
		{E7F3EDB3-0789-4D11-A950-E33ADE0BDF65}.Debug|Any CPU.ActiveCfg = Debug|Any CPU
		{E7F3EDB3-0789-4D11-A950-E33ADE0BDF65}.Debug|Any CPU.Build.0 = Debug|Any CPU
		{E7F3EDB3-0789-4D11-A950-E33ADE0BDF65}.Debug|x64.ActiveCfg = Debug|Any CPU
		{E7F3EDB3-0789-4D11-A950-E33ADE0BDF65}.Debug|x64.Build.0 = Debug|Any CPU
		{E7F3EDB3-0789-4D11-A950-E33ADE0BDF65}.Debug|x86.ActiveCfg = Debug|Any CPU
		{E7F3EDB3-0789-4D11-A950-E33ADE0BDF65}.Debug|x86.Build.0 = Debug|Any CPU
		{E7F3EDB3-0789-4D11-A950-E33ADE0BDF65}.Release|Any CPU.ActiveCfg = Release|Any CPU
		{E7F3EDB3-0789-4D11-A950-E33ADE0BDF65}.Release|Any CPU.Build.0 = Release|Any CPU
		{E7F3EDB3-0789-4D11-A950-E33ADE0BDF65}.Release|x64.ActiveCfg = Release|Any CPU
		{E7F3EDB3-0789-4D11-A950-E33ADE0BDF65}.Release|x64.Build.0 = Release|Any CPU
		{E7F3EDB3-0789-4D11-A950-E33ADE0BDF65}.Release|x86.ActiveCfg = Release|Any CPU
		{E7F3EDB3-0789-4D11-A950-E33ADE0BDF65}.Release|x86.Build.0 = Release|Any CPU
		{F8737FC2-3788-4BC5-B080-9AAB735B4DEF}.Debug|Any CPU.ActiveCfg = Debug|Any CPU
		{F8737FC2-3788-4BC5-B080-9AAB735B4DEF}.Debug|Any CPU.Build.0 = Debug|Any CPU
		{F8737FC2-3788-4BC5-B080-9AAB735B4DEF}.Debug|x64.ActiveCfg = Debug|Any CPU
		{F8737FC2-3788-4BC5-B080-9AAB735B4DEF}.Debug|x64.Build.0 = Debug|Any CPU
		{F8737FC2-3788-4BC5-B080-9AAB735B4DEF}.Debug|x86.ActiveCfg = Debug|Any CPU
		{F8737FC2-3788-4BC5-B080-9AAB735B4DEF}.Debug|x86.Build.0 = Debug|Any CPU
		{F8737FC2-3788-4BC5-B080-9AAB735B4DEF}.Release|Any CPU.ActiveCfg = Release|Any CPU
		{F8737FC2-3788-4BC5-B080-9AAB735B4DEF}.Release|Any CPU.Build.0 = Release|Any CPU
		{F8737FC2-3788-4BC5-B080-9AAB735B4DEF}.Release|x64.ActiveCfg = Release|Any CPU
		{F8737FC2-3788-4BC5-B080-9AAB735B4DEF}.Release|x64.Build.0 = Release|Any CPU
		{F8737FC2-3788-4BC5-B080-9AAB735B4DEF}.Release|x86.ActiveCfg = Release|Any CPU
		{F8737FC2-3788-4BC5-B080-9AAB735B4DEF}.Release|x86.Build.0 = Release|Any CPU
		{051D1E50-F563-44B4-B474-3817158AE5A4}.Debug|Any CPU.ActiveCfg = Debug|Any CPU
		{051D1E50-F563-44B4-B474-3817158AE5A4}.Debug|Any CPU.Build.0 = Debug|Any CPU
		{051D1E50-F563-44B4-B474-3817158AE5A4}.Debug|x64.ActiveCfg = Debug|Any CPU
		{051D1E50-F563-44B4-B474-3817158AE5A4}.Debug|x64.Build.0 = Debug|Any CPU
		{051D1E50-F563-44B4-B474-3817158AE5A4}.Debug|x86.ActiveCfg = Debug|Any CPU
		{051D1E50-F563-44B4-B474-3817158AE5A4}.Debug|x86.Build.0 = Debug|Any CPU
		{051D1E50-F563-44B4-B474-3817158AE5A4}.Release|Any CPU.ActiveCfg = Release|Any CPU
		{051D1E50-F563-44B4-B474-3817158AE5A4}.Release|Any CPU.Build.0 = Release|Any CPU
		{051D1E50-F563-44B4-B474-3817158AE5A4}.Release|x64.ActiveCfg = Release|Any CPU
		{051D1E50-F563-44B4-B474-3817158AE5A4}.Release|x64.Build.0 = Release|Any CPU
		{051D1E50-F563-44B4-B474-3817158AE5A4}.Release|x86.ActiveCfg = Release|Any CPU
		{051D1E50-F563-44B4-B474-3817158AE5A4}.Release|x86.Build.0 = Release|Any CPU
		{B7E0C529-BD28-4EEB-B8E9-9F0C21017903}.Debug|Any CPU.ActiveCfg = Debug|Any CPU
		{B7E0C529-BD28-4EEB-B8E9-9F0C21017903}.Debug|Any CPU.Build.0 = Debug|Any CPU
		{B7E0C529-BD28-4EEB-B8E9-9F0C21017903}.Debug|x64.ActiveCfg = Debug|Any CPU
		{B7E0C529-BD28-4EEB-B8E9-9F0C21017903}.Debug|x64.Build.0 = Debug|Any CPU
		{B7E0C529-BD28-4EEB-B8E9-9F0C21017903}.Debug|x86.ActiveCfg = Debug|Any CPU
		{B7E0C529-BD28-4EEB-B8E9-9F0C21017903}.Debug|x86.Build.0 = Debug|Any CPU
		{B7E0C529-BD28-4EEB-B8E9-9F0C21017903}.Release|Any CPU.ActiveCfg = Release|Any CPU
		{B7E0C529-BD28-4EEB-B8E9-9F0C21017903}.Release|Any CPU.Build.0 = Release|Any CPU
		{B7E0C529-BD28-4EEB-B8E9-9F0C21017903}.Release|x64.ActiveCfg = Release|Any CPU
		{B7E0C529-BD28-4EEB-B8E9-9F0C21017903}.Release|x64.Build.0 = Release|Any CPU
		{B7E0C529-BD28-4EEB-B8E9-9F0C21017903}.Release|x86.ActiveCfg = Release|Any CPU
		{B7E0C529-BD28-4EEB-B8E9-9F0C21017903}.Release|x86.Build.0 = Release|Any CPU
		{48F456C2-12A9-4E78-9FEB-EE3AF97F283E}.Debug|Any CPU.ActiveCfg = Debug|Any CPU
		{48F456C2-12A9-4E78-9FEB-EE3AF97F283E}.Debug|Any CPU.Build.0 = Debug|Any CPU
		{48F456C2-12A9-4E78-9FEB-EE3AF97F283E}.Debug|x64.ActiveCfg = Debug|Any CPU
		{48F456C2-12A9-4E78-9FEB-EE3AF97F283E}.Debug|x64.Build.0 = Debug|Any CPU
		{48F456C2-12A9-4E78-9FEB-EE3AF97F283E}.Debug|x86.ActiveCfg = Debug|Any CPU
		{48F456C2-12A9-4E78-9FEB-EE3AF97F283E}.Debug|x86.Build.0 = Debug|Any CPU
		{48F456C2-12A9-4E78-9FEB-EE3AF97F283E}.Release|Any CPU.ActiveCfg = Release|Any CPU
		{48F456C2-12A9-4E78-9FEB-EE3AF97F283E}.Release|Any CPU.Build.0 = Release|Any CPU
		{48F456C2-12A9-4E78-9FEB-EE3AF97F283E}.Release|x64.ActiveCfg = Release|Any CPU
		{48F456C2-12A9-4E78-9FEB-EE3AF97F283E}.Release|x64.Build.0 = Release|Any CPU
		{48F456C2-12A9-4E78-9FEB-EE3AF97F283E}.Release|x86.ActiveCfg = Release|Any CPU
		{48F456C2-12A9-4E78-9FEB-EE3AF97F283E}.Release|x86.Build.0 = Release|Any CPU
		{1AE74413-C8DB-412E-90E6-06D3341260B4}.Debug|Any CPU.ActiveCfg = Debug|Any CPU
		{1AE74413-C8DB-412E-90E6-06D3341260B4}.Debug|Any CPU.Build.0 = Debug|Any CPU
		{1AE74413-C8DB-412E-90E6-06D3341260B4}.Debug|x64.ActiveCfg = Debug|Any CPU
		{1AE74413-C8DB-412E-90E6-06D3341260B4}.Debug|x64.Build.0 = Debug|Any CPU
		{1AE74413-C8DB-412E-90E6-06D3341260B4}.Debug|x86.ActiveCfg = Debug|Any CPU
		{1AE74413-C8DB-412E-90E6-06D3341260B4}.Debug|x86.Build.0 = Debug|Any CPU
		{1AE74413-C8DB-412E-90E6-06D3341260B4}.Release|Any CPU.ActiveCfg = Release|Any CPU
		{1AE74413-C8DB-412E-90E6-06D3341260B4}.Release|Any CPU.Build.0 = Release|Any CPU
		{1AE74413-C8DB-412E-90E6-06D3341260B4}.Release|x64.ActiveCfg = Release|Any CPU
		{1AE74413-C8DB-412E-90E6-06D3341260B4}.Release|x64.Build.0 = Release|Any CPU
		{1AE74413-C8DB-412E-90E6-06D3341260B4}.Release|x86.ActiveCfg = Release|Any CPU
		{1AE74413-C8DB-412E-90E6-06D3341260B4}.Release|x86.Build.0 = Release|Any CPU
		{F06FD9B9-0BC5-4330-AD42-315227F173F9}.Debug|Any CPU.ActiveCfg = Debug|Any CPU
		{F06FD9B9-0BC5-4330-AD42-315227F173F9}.Debug|Any CPU.Build.0 = Debug|Any CPU
		{F06FD9B9-0BC5-4330-AD42-315227F173F9}.Debug|x64.ActiveCfg = Debug|Any CPU
		{F06FD9B9-0BC5-4330-AD42-315227F173F9}.Debug|x64.Build.0 = Debug|Any CPU
		{F06FD9B9-0BC5-4330-AD42-315227F173F9}.Debug|x86.ActiveCfg = Debug|Any CPU
		{F06FD9B9-0BC5-4330-AD42-315227F173F9}.Debug|x86.Build.0 = Debug|Any CPU
		{F06FD9B9-0BC5-4330-AD42-315227F173F9}.Release|Any CPU.ActiveCfg = Release|Any CPU
		{F06FD9B9-0BC5-4330-AD42-315227F173F9}.Release|Any CPU.Build.0 = Release|Any CPU
		{F06FD9B9-0BC5-4330-AD42-315227F173F9}.Release|x64.ActiveCfg = Release|Any CPU
		{F06FD9B9-0BC5-4330-AD42-315227F173F9}.Release|x64.Build.0 = Release|Any CPU
		{F06FD9B9-0BC5-4330-AD42-315227F173F9}.Release|x86.ActiveCfg = Release|Any CPU
		{F06FD9B9-0BC5-4330-AD42-315227F173F9}.Release|x86.Build.0 = Release|Any CPU
		{9B4BD788-F2F2-4772-80D3-56831B8C268F}.Debug|Any CPU.ActiveCfg = Debug|Any CPU
		{9B4BD788-F2F2-4772-80D3-56831B8C268F}.Debug|Any CPU.Build.0 = Debug|Any CPU
		{9B4BD788-F2F2-4772-80D3-56831B8C268F}.Debug|x64.ActiveCfg = Debug|Any CPU
		{9B4BD788-F2F2-4772-80D3-56831B8C268F}.Debug|x64.Build.0 = Debug|Any CPU
		{9B4BD788-F2F2-4772-80D3-56831B8C268F}.Debug|x86.ActiveCfg = Debug|Any CPU
		{9B4BD788-F2F2-4772-80D3-56831B8C268F}.Debug|x86.Build.0 = Debug|Any CPU
		{9B4BD788-F2F2-4772-80D3-56831B8C268F}.Release|Any CPU.ActiveCfg = Release|Any CPU
		{9B4BD788-F2F2-4772-80D3-56831B8C268F}.Release|Any CPU.Build.0 = Release|Any CPU
		{9B4BD788-F2F2-4772-80D3-56831B8C268F}.Release|x64.ActiveCfg = Release|Any CPU
		{9B4BD788-F2F2-4772-80D3-56831B8C268F}.Release|x64.Build.0 = Release|Any CPU
		{9B4BD788-F2F2-4772-80D3-56831B8C268F}.Release|x86.ActiveCfg = Release|Any CPU
		{9B4BD788-F2F2-4772-80D3-56831B8C268F}.Release|x86.Build.0 = Release|Any CPU
		{6678B335-085F-4B7A-808B-55E0A3C682DE}.Debug|Any CPU.ActiveCfg = Debug|Any CPU
		{6678B335-085F-4B7A-808B-55E0A3C682DE}.Debug|Any CPU.Build.0 = Debug|Any CPU
		{6678B335-085F-4B7A-808B-55E0A3C682DE}.Debug|x64.ActiveCfg = Debug|Any CPU
		{6678B335-085F-4B7A-808B-55E0A3C682DE}.Debug|x64.Build.0 = Debug|Any CPU
		{6678B335-085F-4B7A-808B-55E0A3C682DE}.Debug|x86.ActiveCfg = Debug|Any CPU
		{6678B335-085F-4B7A-808B-55E0A3C682DE}.Debug|x86.Build.0 = Debug|Any CPU
		{6678B335-085F-4B7A-808B-55E0A3C682DE}.Release|Any CPU.ActiveCfg = Release|Any CPU
		{6678B335-085F-4B7A-808B-55E0A3C682DE}.Release|Any CPU.Build.0 = Release|Any CPU
		{6678B335-085F-4B7A-808B-55E0A3C682DE}.Release|x64.ActiveCfg = Release|Any CPU
		{6678B335-085F-4B7A-808B-55E0A3C682DE}.Release|x64.Build.0 = Release|Any CPU
		{6678B335-085F-4B7A-808B-55E0A3C682DE}.Release|x86.ActiveCfg = Release|Any CPU
		{6678B335-085F-4B7A-808B-55E0A3C682DE}.Release|x86.Build.0 = Release|Any CPU
		{596C46BB-4127-4A0F-90FE-AC30FEE780F8}.Debug|Any CPU.ActiveCfg = Debug|Any CPU
		{596C46BB-4127-4A0F-90FE-AC30FEE780F8}.Debug|Any CPU.Build.0 = Debug|Any CPU
		{596C46BB-4127-4A0F-90FE-AC30FEE780F8}.Debug|x64.ActiveCfg = Debug|Any CPU
		{596C46BB-4127-4A0F-90FE-AC30FEE780F8}.Debug|x64.Build.0 = Debug|Any CPU
		{596C46BB-4127-4A0F-90FE-AC30FEE780F8}.Debug|x86.ActiveCfg = Debug|Any CPU
		{596C46BB-4127-4A0F-90FE-AC30FEE780F8}.Debug|x86.Build.0 = Debug|Any CPU
		{596C46BB-4127-4A0F-90FE-AC30FEE780F8}.Release|Any CPU.ActiveCfg = Release|Any CPU
		{596C46BB-4127-4A0F-90FE-AC30FEE780F8}.Release|Any CPU.Build.0 = Release|Any CPU
		{596C46BB-4127-4A0F-90FE-AC30FEE780F8}.Release|x64.ActiveCfg = Release|Any CPU
		{596C46BB-4127-4A0F-90FE-AC30FEE780F8}.Release|x64.Build.0 = Release|Any CPU
		{596C46BB-4127-4A0F-90FE-AC30FEE780F8}.Release|x86.ActiveCfg = Release|Any CPU
		{596C46BB-4127-4A0F-90FE-AC30FEE780F8}.Release|x86.Build.0 = Release|Any CPU
		{FA46434F-F1E8-4A94-8DBF-87F70E5D3358}.Debug|Any CPU.ActiveCfg = Debug|x64
		{FA46434F-F1E8-4A94-8DBF-87F70E5D3358}.Debug|Any CPU.Build.0 = Debug|x64
		{FA46434F-F1E8-4A94-8DBF-87F70E5D3358}.Debug|x64.ActiveCfg = Debug|x64
		{FA46434F-F1E8-4A94-8DBF-87F70E5D3358}.Debug|x64.Build.0 = Debug|x64
		{FA46434F-F1E8-4A94-8DBF-87F70E5D3358}.Debug|x86.ActiveCfg = Debug|Win32
		{FA46434F-F1E8-4A94-8DBF-87F70E5D3358}.Debug|x86.Build.0 = Debug|Win32
		{FA46434F-F1E8-4A94-8DBF-87F70E5D3358}.Release|Any CPU.ActiveCfg = Release|x64
		{FA46434F-F1E8-4A94-8DBF-87F70E5D3358}.Release|Any CPU.Build.0 = Release|x64
		{FA46434F-F1E8-4A94-8DBF-87F70E5D3358}.Release|x64.ActiveCfg = Release|x64
		{FA46434F-F1E8-4A94-8DBF-87F70E5D3358}.Release|x64.Build.0 = Release|x64
		{FA46434F-F1E8-4A94-8DBF-87F70E5D3358}.Release|x86.ActiveCfg = Release|Win32
		{FA46434F-F1E8-4A94-8DBF-87F70E5D3358}.Release|x86.Build.0 = Release|Win32
		{D860386B-49B5-4809-BCB0-C2D7EBF1D519}.Debug|Any CPU.ActiveCfg = Debug|x64
		{D860386B-49B5-4809-BCB0-C2D7EBF1D519}.Debug|Any CPU.Build.0 = Debug|x64
		{D860386B-49B5-4809-BCB0-C2D7EBF1D519}.Debug|x64.ActiveCfg = Debug|x64
		{D860386B-49B5-4809-BCB0-C2D7EBF1D519}.Debug|x64.Build.0 = Debug|x64
		{D860386B-49B5-4809-BCB0-C2D7EBF1D519}.Debug|x86.ActiveCfg = Debug|Win32
		{D860386B-49B5-4809-BCB0-C2D7EBF1D519}.Debug|x86.Build.0 = Debug|Win32
		{D860386B-49B5-4809-BCB0-C2D7EBF1D519}.Release|Any CPU.ActiveCfg = Release|x64
		{D860386B-49B5-4809-BCB0-C2D7EBF1D519}.Release|Any CPU.Build.0 = Release|x64
		{D860386B-49B5-4809-BCB0-C2D7EBF1D519}.Release|x64.ActiveCfg = Release|x64
		{D860386B-49B5-4809-BCB0-C2D7EBF1D519}.Release|x64.Build.0 = Release|x64
		{D860386B-49B5-4809-BCB0-C2D7EBF1D519}.Release|x86.ActiveCfg = Release|Win32
		{D860386B-49B5-4809-BCB0-C2D7EBF1D519}.Release|x86.Build.0 = Release|Win32
		{D9E61E51-5961-4003-91D9-473C3B405A79}.Debug|Any CPU.ActiveCfg = Debug|x64
		{D9E61E51-5961-4003-91D9-473C3B405A79}.Debug|Any CPU.Build.0 = Debug|x64
		{D9E61E51-5961-4003-91D9-473C3B405A79}.Debug|x64.ActiveCfg = Debug|x64
		{D9E61E51-5961-4003-91D9-473C3B405A79}.Debug|x64.Build.0 = Debug|x64
		{D9E61E51-5961-4003-91D9-473C3B405A79}.Debug|x86.ActiveCfg = Debug|Win32
		{D9E61E51-5961-4003-91D9-473C3B405A79}.Debug|x86.Build.0 = Debug|Win32
		{D9E61E51-5961-4003-91D9-473C3B405A79}.Release|Any CPU.ActiveCfg = Release|x64
		{D9E61E51-5961-4003-91D9-473C3B405A79}.Release|Any CPU.Build.0 = Release|x64
		{D9E61E51-5961-4003-91D9-473C3B405A79}.Release|x64.ActiveCfg = Release|x64
		{D9E61E51-5961-4003-91D9-473C3B405A79}.Release|x64.Build.0 = Release|x64
		{D9E61E51-5961-4003-91D9-473C3B405A79}.Release|x86.ActiveCfg = Release|Win32
		{D9E61E51-5961-4003-91D9-473C3B405A79}.Release|x86.Build.0 = Release|Win32
		{C2DFB239-D52D-44F4-A89A-4D33DB320474}.Debug|Any CPU.ActiveCfg = Debug|Any CPU
		{C2DFB239-D52D-44F4-A89A-4D33DB320474}.Debug|Any CPU.Build.0 = Debug|Any CPU
		{C2DFB239-D52D-44F4-A89A-4D33DB320474}.Debug|x64.ActiveCfg = Debug|Any CPU
		{C2DFB239-D52D-44F4-A89A-4D33DB320474}.Debug|x64.Build.0 = Debug|Any CPU
		{C2DFB239-D52D-44F4-A89A-4D33DB320474}.Debug|x86.ActiveCfg = Debug|Any CPU
		{C2DFB239-D52D-44F4-A89A-4D33DB320474}.Debug|x86.Build.0 = Debug|Any CPU
		{C2DFB239-D52D-44F4-A89A-4D33DB320474}.Release|Any CPU.ActiveCfg = Release|Any CPU
		{C2DFB239-D52D-44F4-A89A-4D33DB320474}.Release|Any CPU.Build.0 = Release|Any CPU
		{C2DFB239-D52D-44F4-A89A-4D33DB320474}.Release|x64.ActiveCfg = Release|Any CPU
		{C2DFB239-D52D-44F4-A89A-4D33DB320474}.Release|x64.Build.0 = Release|Any CPU
		{C2DFB239-D52D-44F4-A89A-4D33DB320474}.Release|x86.ActiveCfg = Release|Any CPU
		{C2DFB239-D52D-44F4-A89A-4D33DB320474}.Release|x86.Build.0 = Release|Any CPU
		{904F9FC7-EA22-46A6-845F-2E3A5962750D}.Debug|Any CPU.ActiveCfg = Debug|Any CPU
		{904F9FC7-EA22-46A6-845F-2E3A5962750D}.Debug|Any CPU.Build.0 = Debug|Any CPU
		{904F9FC7-EA22-46A6-845F-2E3A5962750D}.Debug|x64.ActiveCfg = Debug|Any CPU
		{904F9FC7-EA22-46A6-845F-2E3A5962750D}.Debug|x64.Build.0 = Debug|Any CPU
		{904F9FC7-EA22-46A6-845F-2E3A5962750D}.Debug|x86.ActiveCfg = Debug|Any CPU
		{904F9FC7-EA22-46A6-845F-2E3A5962750D}.Debug|x86.Build.0 = Debug|Any CPU
		{904F9FC7-EA22-46A6-845F-2E3A5962750D}.Release|Any CPU.ActiveCfg = Release|Any CPU
		{904F9FC7-EA22-46A6-845F-2E3A5962750D}.Release|Any CPU.Build.0 = Release|Any CPU
		{904F9FC7-EA22-46A6-845F-2E3A5962750D}.Release|x64.ActiveCfg = Release|Any CPU
		{904F9FC7-EA22-46A6-845F-2E3A5962750D}.Release|x64.Build.0 = Release|Any CPU
		{904F9FC7-EA22-46A6-845F-2E3A5962750D}.Release|x86.ActiveCfg = Release|Any CPU
		{904F9FC7-EA22-46A6-845F-2E3A5962750D}.Release|x86.Build.0 = Release|Any CPU
		{AF88311A-B123-41D4-82B8-72929D96EF5C}.Debug|Any CPU.ActiveCfg = Debug|Any CPU
		{AF88311A-B123-41D4-82B8-72929D96EF5C}.Debug|Any CPU.Build.0 = Debug|Any CPU
		{AF88311A-B123-41D4-82B8-72929D96EF5C}.Debug|x64.ActiveCfg = Debug|Any CPU
		{AF88311A-B123-41D4-82B8-72929D96EF5C}.Debug|x64.Build.0 = Debug|Any CPU
		{AF88311A-B123-41D4-82B8-72929D96EF5C}.Debug|x86.ActiveCfg = Debug|Any CPU
		{AF88311A-B123-41D4-82B8-72929D96EF5C}.Debug|x86.Build.0 = Debug|Any CPU
		{AF88311A-B123-41D4-82B8-72929D96EF5C}.Release|Any CPU.ActiveCfg = Release|Any CPU
		{AF88311A-B123-41D4-82B8-72929D96EF5C}.Release|Any CPU.Build.0 = Release|Any CPU
		{AF88311A-B123-41D4-82B8-72929D96EF5C}.Release|x64.ActiveCfg = Release|Any CPU
		{AF88311A-B123-41D4-82B8-72929D96EF5C}.Release|x64.Build.0 = Release|Any CPU
		{AF88311A-B123-41D4-82B8-72929D96EF5C}.Release|x86.ActiveCfg = Release|Any CPU
		{AF88311A-B123-41D4-82B8-72929D96EF5C}.Release|x86.Build.0 = Release|Any CPU
		{534408F8-D14D-4466-85C1-DC36EF5469F2}.Debug|Any CPU.ActiveCfg = Debug|Any CPU
		{534408F8-D14D-4466-85C1-DC36EF5469F2}.Debug|Any CPU.Build.0 = Debug|Any CPU
		{534408F8-D14D-4466-85C1-DC36EF5469F2}.Debug|x64.ActiveCfg = Debug|Any CPU
		{534408F8-D14D-4466-85C1-DC36EF5469F2}.Debug|x64.Build.0 = Debug|Any CPU
		{534408F8-D14D-4466-85C1-DC36EF5469F2}.Debug|x86.ActiveCfg = Debug|Any CPU
		{534408F8-D14D-4466-85C1-DC36EF5469F2}.Debug|x86.Build.0 = Debug|Any CPU
		{534408F8-D14D-4466-85C1-DC36EF5469F2}.Release|Any CPU.ActiveCfg = Release|Any CPU
		{534408F8-D14D-4466-85C1-DC36EF5469F2}.Release|Any CPU.Build.0 = Release|Any CPU
		{534408F8-D14D-4466-85C1-DC36EF5469F2}.Release|x64.ActiveCfg = Release|Any CPU
		{534408F8-D14D-4466-85C1-DC36EF5469F2}.Release|x64.Build.0 = Release|Any CPU
		{534408F8-D14D-4466-85C1-DC36EF5469F2}.Release|x86.ActiveCfg = Release|Any CPU
		{534408F8-D14D-4466-85C1-DC36EF5469F2}.Release|x86.Build.0 = Release|Any CPU
		{9EAD68CB-D0F9-44CB-87AE-DBD3F0CF5A23}.Debug|Any CPU.ActiveCfg = Debug|Any CPU
		{9EAD68CB-D0F9-44CB-87AE-DBD3F0CF5A23}.Debug|Any CPU.Build.0 = Debug|Any CPU
		{9EAD68CB-D0F9-44CB-87AE-DBD3F0CF5A23}.Debug|x64.ActiveCfg = Debug|Any CPU
		{9EAD68CB-D0F9-44CB-87AE-DBD3F0CF5A23}.Debug|x64.Build.0 = Debug|Any CPU
		{9EAD68CB-D0F9-44CB-87AE-DBD3F0CF5A23}.Debug|x86.ActiveCfg = Debug|Any CPU
		{9EAD68CB-D0F9-44CB-87AE-DBD3F0CF5A23}.Debug|x86.Build.0 = Debug|Any CPU
		{9EAD68CB-D0F9-44CB-87AE-DBD3F0CF5A23}.Release|Any CPU.ActiveCfg = Release|Any CPU
		{9EAD68CB-D0F9-44CB-87AE-DBD3F0CF5A23}.Release|Any CPU.Build.0 = Release|Any CPU
		{9EAD68CB-D0F9-44CB-87AE-DBD3F0CF5A23}.Release|x64.ActiveCfg = Release|Any CPU
		{9EAD68CB-D0F9-44CB-87AE-DBD3F0CF5A23}.Release|x64.Build.0 = Release|Any CPU
		{9EAD68CB-D0F9-44CB-87AE-DBD3F0CF5A23}.Release|x86.ActiveCfg = Release|Any CPU
		{9EAD68CB-D0F9-44CB-87AE-DBD3F0CF5A23}.Release|x86.Build.0 = Release|Any CPU
		{22322F0A-34C2-47F6-989C-736A69B68562}.Debug|Any CPU.ActiveCfg = Debug|Any CPU
		{22322F0A-34C2-47F6-989C-736A69B68562}.Debug|Any CPU.Build.0 = Debug|Any CPU
		{22322F0A-34C2-47F6-989C-736A69B68562}.Debug|x64.ActiveCfg = Debug|Any CPU
		{22322F0A-34C2-47F6-989C-736A69B68562}.Debug|x64.Build.0 = Debug|Any CPU
		{22322F0A-34C2-47F6-989C-736A69B68562}.Debug|x86.ActiveCfg = Debug|Any CPU
		{22322F0A-34C2-47F6-989C-736A69B68562}.Debug|x86.Build.0 = Debug|Any CPU
		{22322F0A-34C2-47F6-989C-736A69B68562}.Release|Any CPU.ActiveCfg = Release|Any CPU
		{22322F0A-34C2-47F6-989C-736A69B68562}.Release|Any CPU.Build.0 = Release|Any CPU
		{22322F0A-34C2-47F6-989C-736A69B68562}.Release|x64.ActiveCfg = Release|Any CPU
		{22322F0A-34C2-47F6-989C-736A69B68562}.Release|x64.Build.0 = Release|Any CPU
		{22322F0A-34C2-47F6-989C-736A69B68562}.Release|x86.ActiveCfg = Release|Any CPU
		{22322F0A-34C2-47F6-989C-736A69B68562}.Release|x86.Build.0 = Release|Any CPU
		{EBF195F9-4860-4FCF-A7F8-AEBD0DF3EB75}.Debug|Any CPU.ActiveCfg = Debug|Any CPU
		{EBF195F9-4860-4FCF-A7F8-AEBD0DF3EB75}.Debug|Any CPU.Build.0 = Debug|Any CPU
		{EBF195F9-4860-4FCF-A7F8-AEBD0DF3EB75}.Debug|x64.ActiveCfg = Debug|Any CPU
		{EBF195F9-4860-4FCF-A7F8-AEBD0DF3EB75}.Debug|x64.Build.0 = Debug|Any CPU
		{EBF195F9-4860-4FCF-A7F8-AEBD0DF3EB75}.Debug|x86.ActiveCfg = Debug|Any CPU
		{EBF195F9-4860-4FCF-A7F8-AEBD0DF3EB75}.Debug|x86.Build.0 = Debug|Any CPU
		{EBF195F9-4860-4FCF-A7F8-AEBD0DF3EB75}.Release|Any CPU.ActiveCfg = Release|Any CPU
		{EBF195F9-4860-4FCF-A7F8-AEBD0DF3EB75}.Release|Any CPU.Build.0 = Release|Any CPU
		{EBF195F9-4860-4FCF-A7F8-AEBD0DF3EB75}.Release|x64.ActiveCfg = Release|Any CPU
		{EBF195F9-4860-4FCF-A7F8-AEBD0DF3EB75}.Release|x64.Build.0 = Release|Any CPU
		{EBF195F9-4860-4FCF-A7F8-AEBD0DF3EB75}.Release|x86.ActiveCfg = Release|Any CPU
		{EBF195F9-4860-4FCF-A7F8-AEBD0DF3EB75}.Release|x86.Build.0 = Release|Any CPU
		{D2A559A4-F0A4-4DB2-9923-35E87B91B683}.Debug|Any CPU.ActiveCfg = Debug|Any CPU
		{D2A559A4-F0A4-4DB2-9923-35E87B91B683}.Debug|Any CPU.Build.0 = Debug|Any CPU
		{D2A559A4-F0A4-4DB2-9923-35E87B91B683}.Debug|x64.ActiveCfg = Debug|Any CPU
		{D2A559A4-F0A4-4DB2-9923-35E87B91B683}.Debug|x64.Build.0 = Debug|Any CPU
		{D2A559A4-F0A4-4DB2-9923-35E87B91B683}.Debug|x86.ActiveCfg = Debug|Any CPU
		{D2A559A4-F0A4-4DB2-9923-35E87B91B683}.Debug|x86.Build.0 = Debug|Any CPU
		{D2A559A4-F0A4-4DB2-9923-35E87B91B683}.Release|Any CPU.ActiveCfg = Release|Any CPU
		{D2A559A4-F0A4-4DB2-9923-35E87B91B683}.Release|Any CPU.Build.0 = Release|Any CPU
		{D2A559A4-F0A4-4DB2-9923-35E87B91B683}.Release|x64.ActiveCfg = Release|Any CPU
		{D2A559A4-F0A4-4DB2-9923-35E87B91B683}.Release|x64.Build.0 = Release|Any CPU
		{D2A559A4-F0A4-4DB2-9923-35E87B91B683}.Release|x86.ActiveCfg = Release|Any CPU
		{D2A559A4-F0A4-4DB2-9923-35E87B91B683}.Release|x86.Build.0 = Release|Any CPU
		{67A3652F-C176-4830-83E4-6A892A3FB2C2}.Debug|Any CPU.ActiveCfg = Debug|Any CPU
		{67A3652F-C176-4830-83E4-6A892A3FB2C2}.Debug|Any CPU.Build.0 = Debug|Any CPU
		{67A3652F-C176-4830-83E4-6A892A3FB2C2}.Debug|x64.ActiveCfg = Debug|Any CPU
		{67A3652F-C176-4830-83E4-6A892A3FB2C2}.Debug|x64.Build.0 = Debug|Any CPU
		{67A3652F-C176-4830-83E4-6A892A3FB2C2}.Debug|x86.ActiveCfg = Debug|Any CPU
		{67A3652F-C176-4830-83E4-6A892A3FB2C2}.Debug|x86.Build.0 = Debug|Any CPU
		{67A3652F-C176-4830-83E4-6A892A3FB2C2}.Release|Any CPU.ActiveCfg = Release|Any CPU
		{67A3652F-C176-4830-83E4-6A892A3FB2C2}.Release|Any CPU.Build.0 = Release|Any CPU
		{67A3652F-C176-4830-83E4-6A892A3FB2C2}.Release|x64.ActiveCfg = Release|Any CPU
		{67A3652F-C176-4830-83E4-6A892A3FB2C2}.Release|x64.Build.0 = Release|Any CPU
		{67A3652F-C176-4830-83E4-6A892A3FB2C2}.Release|x86.ActiveCfg = Release|Any CPU
		{67A3652F-C176-4830-83E4-6A892A3FB2C2}.Release|x86.Build.0 = Release|Any CPU
		{5A3133DD-C53A-4D7F-A0FB-4D97913B94BC}.Debug|Any CPU.ActiveCfg = Debug|Any CPU
		{5A3133DD-C53A-4D7F-A0FB-4D97913B94BC}.Debug|Any CPU.Build.0 = Debug|Any CPU
		{5A3133DD-C53A-4D7F-A0FB-4D97913B94BC}.Debug|x64.ActiveCfg = Debug|Any CPU
		{5A3133DD-C53A-4D7F-A0FB-4D97913B94BC}.Debug|x64.Build.0 = Debug|Any CPU
		{5A3133DD-C53A-4D7F-A0FB-4D97913B94BC}.Debug|x86.ActiveCfg = Debug|Any CPU
		{5A3133DD-C53A-4D7F-A0FB-4D97913B94BC}.Debug|x86.Build.0 = Debug|Any CPU
		{5A3133DD-C53A-4D7F-A0FB-4D97913B94BC}.Release|Any CPU.ActiveCfg = Release|Any CPU
		{5A3133DD-C53A-4D7F-A0FB-4D97913B94BC}.Release|Any CPU.Build.0 = Release|Any CPU
		{5A3133DD-C53A-4D7F-A0FB-4D97913B94BC}.Release|x64.ActiveCfg = Release|Any CPU
		{5A3133DD-C53A-4D7F-A0FB-4D97913B94BC}.Release|x64.Build.0 = Release|Any CPU
		{5A3133DD-C53A-4D7F-A0FB-4D97913B94BC}.Release|x86.ActiveCfg = Release|Any CPU
		{5A3133DD-C53A-4D7F-A0FB-4D97913B94BC}.Release|x86.Build.0 = Release|Any CPU
		{68408D21-956A-4A11-B5BA-68506AD9F2CC}.Debug|Any CPU.ActiveCfg = Debug|x64
		{68408D21-956A-4A11-B5BA-68506AD9F2CC}.Debug|Any CPU.Build.0 = Debug|x64
		{68408D21-956A-4A11-B5BA-68506AD9F2CC}.Debug|x64.ActiveCfg = Debug|x64
		{68408D21-956A-4A11-B5BA-68506AD9F2CC}.Debug|x64.Build.0 = Debug|x64
		{68408D21-956A-4A11-B5BA-68506AD9F2CC}.Debug|x86.ActiveCfg = Debug|Win32
		{68408D21-956A-4A11-B5BA-68506AD9F2CC}.Debug|x86.Build.0 = Debug|Win32
		{68408D21-956A-4A11-B5BA-68506AD9F2CC}.Release|Any CPU.ActiveCfg = Release|x64
		{68408D21-956A-4A11-B5BA-68506AD9F2CC}.Release|Any CPU.Build.0 = Release|x64
		{68408D21-956A-4A11-B5BA-68506AD9F2CC}.Release|x64.ActiveCfg = Release|x64
		{68408D21-956A-4A11-B5BA-68506AD9F2CC}.Release|x64.Build.0 = Release|x64
		{68408D21-956A-4A11-B5BA-68506AD9F2CC}.Release|x86.ActiveCfg = Release|Win32
		{68408D21-956A-4A11-B5BA-68506AD9F2CC}.Release|x86.Build.0 = Release|Win32
		{CDB64FB3-2E3A-4AB5-AD6A-127BD7537438}.Debug|Any CPU.ActiveCfg = Debug|Any CPU
		{CDB64FB3-2E3A-4AB5-AD6A-127BD7537438}.Debug|Any CPU.Build.0 = Debug|Any CPU
		{CDB64FB3-2E3A-4AB5-AD6A-127BD7537438}.Debug|x64.ActiveCfg = Debug|Any CPU
		{CDB64FB3-2E3A-4AB5-AD6A-127BD7537438}.Debug|x64.Build.0 = Debug|Any CPU
		{CDB64FB3-2E3A-4AB5-AD6A-127BD7537438}.Debug|x86.ActiveCfg = Debug|Any CPU
		{CDB64FB3-2E3A-4AB5-AD6A-127BD7537438}.Debug|x86.Build.0 = Debug|Any CPU
		{CDB64FB3-2E3A-4AB5-AD6A-127BD7537438}.Release|Any CPU.ActiveCfg = Release|Any CPU
		{CDB64FB3-2E3A-4AB5-AD6A-127BD7537438}.Release|Any CPU.Build.0 = Release|Any CPU
		{CDB64FB3-2E3A-4AB5-AD6A-127BD7537438}.Release|x64.ActiveCfg = Release|Any CPU
		{CDB64FB3-2E3A-4AB5-AD6A-127BD7537438}.Release|x64.Build.0 = Release|Any CPU
		{CDB64FB3-2E3A-4AB5-AD6A-127BD7537438}.Release|x86.ActiveCfg = Release|Any CPU
		{CDB64FB3-2E3A-4AB5-AD6A-127BD7537438}.Release|x86.Build.0 = Release|Any CPU
		{B711E509-6968-4A9F-B5FA-FAD5704ED0BA}.Debug|Any CPU.ActiveCfg = Debug|Any CPU
		{B711E509-6968-4A9F-B5FA-FAD5704ED0BA}.Debug|Any CPU.Build.0 = Debug|Any CPU
		{B711E509-6968-4A9F-B5FA-FAD5704ED0BA}.Debug|x64.ActiveCfg = Debug|Any CPU
		{B711E509-6968-4A9F-B5FA-FAD5704ED0BA}.Debug|x64.Build.0 = Debug|Any CPU
		{B711E509-6968-4A9F-B5FA-FAD5704ED0BA}.Debug|x86.ActiveCfg = Debug|Any CPU
		{B711E509-6968-4A9F-B5FA-FAD5704ED0BA}.Debug|x86.Build.0 = Debug|Any CPU
		{B711E509-6968-4A9F-B5FA-FAD5704ED0BA}.Release|Any CPU.ActiveCfg = Release|Any CPU
		{B711E509-6968-4A9F-B5FA-FAD5704ED0BA}.Release|Any CPU.Build.0 = Release|Any CPU
		{B711E509-6968-4A9F-B5FA-FAD5704ED0BA}.Release|x64.ActiveCfg = Release|Any CPU
		{B711E509-6968-4A9F-B5FA-FAD5704ED0BA}.Release|x64.Build.0 = Release|Any CPU
		{B711E509-6968-4A9F-B5FA-FAD5704ED0BA}.Release|x86.ActiveCfg = Release|Any CPU
		{B711E509-6968-4A9F-B5FA-FAD5704ED0BA}.Release|x86.Build.0 = Release|Any CPU
		{93414A89-0EF0-4596-8F2A-E8B62D9FE734}.Debug|Any CPU.ActiveCfg = Debug|Any CPU
		{93414A89-0EF0-4596-8F2A-E8B62D9FE734}.Debug|Any CPU.Build.0 = Debug|Any CPU
		{93414A89-0EF0-4596-8F2A-E8B62D9FE734}.Debug|x64.ActiveCfg = Debug|Any CPU
		{93414A89-0EF0-4596-8F2A-E8B62D9FE734}.Debug|x64.Build.0 = Debug|Any CPU
		{93414A89-0EF0-4596-8F2A-E8B62D9FE734}.Debug|x86.ActiveCfg = Debug|Any CPU
		{93414A89-0EF0-4596-8F2A-E8B62D9FE734}.Debug|x86.Build.0 = Debug|Any CPU
		{93414A89-0EF0-4596-8F2A-E8B62D9FE734}.Release|Any CPU.ActiveCfg = Release|Any CPU
		{93414A89-0EF0-4596-8F2A-E8B62D9FE734}.Release|Any CPU.Build.0 = Release|Any CPU
		{93414A89-0EF0-4596-8F2A-E8B62D9FE734}.Release|x64.ActiveCfg = Release|Any CPU
		{93414A89-0EF0-4596-8F2A-E8B62D9FE734}.Release|x64.Build.0 = Release|Any CPU
		{93414A89-0EF0-4596-8F2A-E8B62D9FE734}.Release|x86.ActiveCfg = Release|Any CPU
		{93414A89-0EF0-4596-8F2A-E8B62D9FE734}.Release|x86.Build.0 = Release|Any CPU
		{5E8E79E8-43D0-4110-9EDA-4901B788A854}.Debug|Any CPU.ActiveCfg = Debug|Any CPU
		{5E8E79E8-43D0-4110-9EDA-4901B788A854}.Debug|Any CPU.Build.0 = Debug|Any CPU
		{5E8E79E8-43D0-4110-9EDA-4901B788A854}.Debug|x64.ActiveCfg = Debug|Any CPU
		{5E8E79E8-43D0-4110-9EDA-4901B788A854}.Debug|x64.Build.0 = Debug|Any CPU
		{5E8E79E8-43D0-4110-9EDA-4901B788A854}.Debug|x86.ActiveCfg = Debug|Any CPU
		{5E8E79E8-43D0-4110-9EDA-4901B788A854}.Debug|x86.Build.0 = Debug|Any CPU
		{5E8E79E8-43D0-4110-9EDA-4901B788A854}.Release|Any CPU.ActiveCfg = Release|Any CPU
		{5E8E79E8-43D0-4110-9EDA-4901B788A854}.Release|Any CPU.Build.0 = Release|Any CPU
		{5E8E79E8-43D0-4110-9EDA-4901B788A854}.Release|x64.ActiveCfg = Release|Any CPU
		{5E8E79E8-43D0-4110-9EDA-4901B788A854}.Release|x64.Build.0 = Release|Any CPU
		{5E8E79E8-43D0-4110-9EDA-4901B788A854}.Release|x86.ActiveCfg = Release|Any CPU
		{5E8E79E8-43D0-4110-9EDA-4901B788A854}.Release|x86.Build.0 = Release|Any CPU
		{14B90A13-50A9-46F1-98A0-0813C0FA5F5A}.Debug|Any CPU.ActiveCfg = Debug|Any CPU
		{14B90A13-50A9-46F1-98A0-0813C0FA5F5A}.Debug|Any CPU.Build.0 = Debug|Any CPU
		{14B90A13-50A9-46F1-98A0-0813C0FA5F5A}.Debug|x64.ActiveCfg = Debug|Any CPU
		{14B90A13-50A9-46F1-98A0-0813C0FA5F5A}.Debug|x64.Build.0 = Debug|Any CPU
		{14B90A13-50A9-46F1-98A0-0813C0FA5F5A}.Debug|x86.ActiveCfg = Debug|Any CPU
		{14B90A13-50A9-46F1-98A0-0813C0FA5F5A}.Debug|x86.Build.0 = Debug|Any CPU
		{14B90A13-50A9-46F1-98A0-0813C0FA5F5A}.Release|Any CPU.ActiveCfg = Release|Any CPU
		{14B90A13-50A9-46F1-98A0-0813C0FA5F5A}.Release|Any CPU.Build.0 = Release|Any CPU
		{14B90A13-50A9-46F1-98A0-0813C0FA5F5A}.Release|x64.ActiveCfg = Release|Any CPU
		{14B90A13-50A9-46F1-98A0-0813C0FA5F5A}.Release|x64.Build.0 = Release|Any CPU
		{14B90A13-50A9-46F1-98A0-0813C0FA5F5A}.Release|x86.ActiveCfg = Release|Any CPU
		{14B90A13-50A9-46F1-98A0-0813C0FA5F5A}.Release|x86.Build.0 = Release|Any CPU
		{BC613FFE-6A47-46ED-A950-513EA120F5B3}.Debug|Any CPU.ActiveCfg = Debug|Any CPU
		{BC613FFE-6A47-46ED-A950-513EA120F5B3}.Debug|Any CPU.Build.0 = Debug|Any CPU
		{BC613FFE-6A47-46ED-A950-513EA120F5B3}.Debug|x64.ActiveCfg = Debug|Any CPU
		{BC613FFE-6A47-46ED-A950-513EA120F5B3}.Debug|x64.Build.0 = Debug|Any CPU
		{BC613FFE-6A47-46ED-A950-513EA120F5B3}.Debug|x86.ActiveCfg = Debug|Any CPU
		{BC613FFE-6A47-46ED-A950-513EA120F5B3}.Debug|x86.Build.0 = Debug|Any CPU
		{BC613FFE-6A47-46ED-A950-513EA120F5B3}.Release|Any CPU.ActiveCfg = Release|Any CPU
		{BC613FFE-6A47-46ED-A950-513EA120F5B3}.Release|Any CPU.Build.0 = Release|Any CPU
		{BC613FFE-6A47-46ED-A950-513EA120F5B3}.Release|x64.ActiveCfg = Release|Any CPU
		{BC613FFE-6A47-46ED-A950-513EA120F5B3}.Release|x64.Build.0 = Release|Any CPU
		{BC613FFE-6A47-46ED-A950-513EA120F5B3}.Release|x86.ActiveCfg = Release|Any CPU
		{BC613FFE-6A47-46ED-A950-513EA120F5B3}.Release|x86.Build.0 = Release|Any CPU
		{D383F705-3FBB-4DB8-AEF3-E67F00F54851}.Debug|Any CPU.ActiveCfg = Debug|Any CPU
		{D383F705-3FBB-4DB8-AEF3-E67F00F54851}.Debug|Any CPU.Build.0 = Debug|Any CPU
		{D383F705-3FBB-4DB8-AEF3-E67F00F54851}.Debug|x64.ActiveCfg = Debug|Any CPU
		{D383F705-3FBB-4DB8-AEF3-E67F00F54851}.Debug|x64.Build.0 = Debug|Any CPU
		{D383F705-3FBB-4DB8-AEF3-E67F00F54851}.Debug|x86.ActiveCfg = Debug|Any CPU
		{D383F705-3FBB-4DB8-AEF3-E67F00F54851}.Debug|x86.Build.0 = Debug|Any CPU
		{D383F705-3FBB-4DB8-AEF3-E67F00F54851}.Release|Any CPU.ActiveCfg = Release|Any CPU
		{D383F705-3FBB-4DB8-AEF3-E67F00F54851}.Release|Any CPU.Build.0 = Release|Any CPU
		{D383F705-3FBB-4DB8-AEF3-E67F00F54851}.Release|x64.ActiveCfg = Release|Any CPU
		{D383F705-3FBB-4DB8-AEF3-E67F00F54851}.Release|x64.Build.0 = Release|Any CPU
		{D383F705-3FBB-4DB8-AEF3-E67F00F54851}.Release|x86.ActiveCfg = Release|Any CPU
		{D383F705-3FBB-4DB8-AEF3-E67F00F54851}.Release|x86.Build.0 = Release|Any CPU
		{9E151A63-9E6D-4464-9BBC-77CCEAC56DDE}.Debug|Any CPU.ActiveCfg = Debug|Any CPU
		{9E151A63-9E6D-4464-9BBC-77CCEAC56DDE}.Debug|Any CPU.Build.0 = Debug|Any CPU
		{9E151A63-9E6D-4464-9BBC-77CCEAC56DDE}.Debug|x64.ActiveCfg = Debug|Any CPU
		{9E151A63-9E6D-4464-9BBC-77CCEAC56DDE}.Debug|x64.Build.0 = Debug|Any CPU
		{9E151A63-9E6D-4464-9BBC-77CCEAC56DDE}.Debug|x86.ActiveCfg = Debug|Any CPU
		{9E151A63-9E6D-4464-9BBC-77CCEAC56DDE}.Debug|x86.Build.0 = Debug|Any CPU
		{9E151A63-9E6D-4464-9BBC-77CCEAC56DDE}.Release|Any CPU.ActiveCfg = Release|Any CPU
		{9E151A63-9E6D-4464-9BBC-77CCEAC56DDE}.Release|Any CPU.Build.0 = Release|Any CPU
		{9E151A63-9E6D-4464-9BBC-77CCEAC56DDE}.Release|x64.ActiveCfg = Release|Any CPU
		{9E151A63-9E6D-4464-9BBC-77CCEAC56DDE}.Release|x64.Build.0 = Release|Any CPU
		{9E151A63-9E6D-4464-9BBC-77CCEAC56DDE}.Release|x86.ActiveCfg = Release|Any CPU
		{9E151A63-9E6D-4464-9BBC-77CCEAC56DDE}.Release|x86.Build.0 = Release|Any CPU
	EndGlobalSection
	GlobalSection(SolutionProperties) = preSolution
		HideSolutionNode = FALSE
	EndGlobalSection
	GlobalSection(NestedProjects) = preSolution
		{E7F3EDB3-0789-4D11-A950-E33ADE0BDF65} = {97DAF923-FBC3-4FDA-B1E0-B143D1758A9E}
		{F8737FC2-3788-4BC5-B080-9AAB735B4DEF} = {97DAF923-FBC3-4FDA-B1E0-B143D1758A9E}
		{051D1E50-F563-44B4-B474-3817158AE5A4} = {97DAF923-FBC3-4FDA-B1E0-B143D1758A9E}
		{B7E0C529-BD28-4EEB-B8E9-9F0C21017903} = {97DAF923-FBC3-4FDA-B1E0-B143D1758A9E}
		{48F456C2-12A9-4E78-9FEB-EE3AF97F283E} = {97DAF923-FBC3-4FDA-B1E0-B143D1758A9E}
		{1AE74413-C8DB-412E-90E6-06D3341260B4} = {97DAF923-FBC3-4FDA-B1E0-B143D1758A9E}
		{F06FD9B9-0BC5-4330-AD42-315227F173F9} = {97DAF923-FBC3-4FDA-B1E0-B143D1758A9E}
		{9B4BD788-F2F2-4772-80D3-56831B8C268F} = {97DAF923-FBC3-4FDA-B1E0-B143D1758A9E}
		{6678B335-085F-4B7A-808B-55E0A3C682DE} = {97DAF923-FBC3-4FDA-B1E0-B143D1758A9E}
		{596C46BB-4127-4A0F-90FE-AC30FEE780F8} = {97DAF923-FBC3-4FDA-B1E0-B143D1758A9E}
		{FA46434F-F1E8-4A94-8DBF-87F70E5D3358} = {97DAF923-FBC3-4FDA-B1E0-B143D1758A9E}
		{D860386B-49B5-4809-BCB0-C2D7EBF1D519} = {97DAF923-FBC3-4FDA-B1E0-B143D1758A9E}
		{D9E61E51-5961-4003-91D9-473C3B405A79} = {97DAF923-FBC3-4FDA-B1E0-B143D1758A9E}
		{C2DFB239-D52D-44F4-A89A-4D33DB320474} = {97DAF923-FBC3-4FDA-B1E0-B143D1758A9E}
		{904F9FC7-EA22-46A6-845F-2E3A5962750D} = {97DAF923-FBC3-4FDA-B1E0-B143D1758A9E}
		{AF88311A-B123-41D4-82B8-72929D96EF5C} = {61138649-755F-47E7-B93E-4C826A8705F2}
		{534408F8-D14D-4466-85C1-DC36EF5469F2} = {61138649-755F-47E7-B93E-4C826A8705F2}
		{9EAD68CB-D0F9-44CB-87AE-DBD3F0CF5A23} = {97DAF923-FBC3-4FDA-B1E0-B143D1758A9E}
		{22322F0A-34C2-47F6-989C-736A69B68562} = {97DAF923-FBC3-4FDA-B1E0-B143D1758A9E}
		{EBF195F9-4860-4FCF-A7F8-AEBD0DF3EB75} = {97DAF923-FBC3-4FDA-B1E0-B143D1758A9E}
		{D2A559A4-F0A4-4DB2-9923-35E87B91B683} = {97DAF923-FBC3-4FDA-B1E0-B143D1758A9E}
		{67A3652F-C176-4830-83E4-6A892A3FB2C2} = {97DAF923-FBC3-4FDA-B1E0-B143D1758A9E}
		{5A3133DD-C53A-4D7F-A0FB-4D97913B94BC} = {97DAF923-FBC3-4FDA-B1E0-B143D1758A9E}
		{68408D21-956A-4A11-B5BA-68506AD9F2CC} = {97DAF923-FBC3-4FDA-B1E0-B143D1758A9E}
		{CDB64FB3-2E3A-4AB5-AD6A-127BD7537438} = {97DAF923-FBC3-4FDA-B1E0-B143D1758A9E}
		{B711E509-6968-4A9F-B5FA-FAD5704ED0BA} = {97DAF923-FBC3-4FDA-B1E0-B143D1758A9E}
		{93414A89-0EF0-4596-8F2A-E8B62D9FE734} = {97DAF923-FBC3-4FDA-B1E0-B143D1758A9E}
		{5E8E79E8-43D0-4110-9EDA-4901B788A854} = {97DAF923-FBC3-4FDA-B1E0-B143D1758A9E}
		{14B90A13-50A9-46F1-98A0-0813C0FA5F5A} = {97DAF923-FBC3-4FDA-B1E0-B143D1758A9E}
		{BC613FFE-6A47-46ED-A950-513EA120F5B3} = {7D08FF1A-94A8-4869-A8DC-DF148D2B855A}
		{D383F705-3FBB-4DB8-AEF3-E67F00F54851} = {7D08FF1A-94A8-4869-A8DC-DF148D2B855A}
		{9E151A63-9E6D-4464-9BBC-77CCEAC56DDE} = {97DAF923-FBC3-4FDA-B1E0-B143D1758A9E}
	EndGlobalSection
	GlobalSection(ExtensibilityGlobals) = postSolution
		SolutionGuid = {559AF32B-02C7-470C-B27A-3AFF6111EF4D}
	EndGlobalSection
EndGlobal
