
Microsoft Visual Studio Solution File, Format Version 12.00
# Visual Studio Version 17
VisualStudioVersion = 17.6.33829.357
MinimumVisualStudioVersion = 10.0.40219.1
Project("{2150E333-8FDC-42A3-9474-1A3956D46DE8}") = "Plugin", "Plugin", "{61138649-755F-47E7-B93E-4C826A8705F2}"
EndProject
Project("{FAE04EC0-301F-11D3-BF4B-00C04F79EFBC}") = "Payload.Common", "Payload.Common\Payload.Common.csproj", "{98F1B6D2-57D5-4674-8671-E9D85A3F2B9D}"
EndProject
Project("{FAE04EC0-301F-11D3-BF4B-00C04F79EFBC}") = "Plugin.Abstractions48", "DuplexSpy.Plugins\Plugin.Abstractions48\Plugin.Abstractions48.csproj", "{1B6E120D-0D29-45C4-A604-DF092A19D246}"
EndProject
Project("{FAE04EC0-301F-11D3-BF4B-00C04F79EFBC}") = "Plugin48Dumper", "DuplexSpy.Plugins\Plugin48Dumper\Plugin48Dumper.csproj", "{520562B6-0785-4D84-B862-5E089B352F32}"
EndProject
Project("{FAE04EC0-301F-11D3-BF4B-00C04F79EFBC}") = "Plugin48InfoSpyder", "DuplexSpy.Plugins\Plugin48InfoSpyder\Plugin48InfoSpyder.csproj", "{C41C7446-4E7B-47D5-9C24-5E498F42EDFB}"
EndProject
Project("{FAE04EC0-301F-11D3-BF4B-00C04F79EFBC}") = "Plugin48Krypt0n", "DuplexSpy.Plugins\Plugin48Krypt0n\Plugin48Krypt0n.csproj", "{CAC3A3AF-40BD-47F5-AB79-129B008A93EF}"
EndProject
Project("{2150E333-8FDC-42A3-9474-1A3956D46DE8}") = "Server", "Server", "{3AAB07A4-B154-4FBF-96DE-8CE08627EE57}"
EndProject
Project("{2150E333-8FDC-42A3-9474-1A3956D46DE8}") = "Payload", "Payload", "{FD47354F-DDB9-4D3D-9BCC-CB020229A18B}"
EndProject
Project("{FAE04EC0-301F-11D3-BF4B-00C04F79EFBC}") = "winClient48", "DuplexSpy.Payload\winClient48\winClient48.csproj", "{501D96D6-E5DC-4C60-9DF6-C01E3EE166AC}"
EndProject
Project("{9A19103F-16F7-4668-BE54-9A1E7A4F7556}") = "DuplexSpyCS", "DuplexSpy.Server\DuplexSpyCS\DuplexSpyCS.csproj", "{3ECB8EDF-9BD8-4D40-92E4-FDAFF0FAC018}"
EndProject
Project("{2150E333-8FDC-42A3-9474-1A3956D46DE8}") = "Test", "Test", "{3454AA56-4434-42A0-849B-27E845A9D7B3}"
EndProject
Project("{FAE04EC0-301F-11D3-BF4B-00C04F79EFBC}") = "HVNC_test", "DuplexSpy.Test\HVNC_test\HVNC_test.csproj", "{CC1EFFFA-C279-4C06-8FD0-4989A0CFD201}"
EndProject
Global
	GlobalSection(SolutionConfigurationPlatforms) = preSolution
		Debug|Any CPU = Debug|Any CPU
		Debug|ARM = Debug|ARM
		Debug|ARM64 = Debug|ARM64
		Debug|x64 = Debug|x64
		Debug|x86 = Debug|x86
		Release|Any CPU = Release|Any CPU
		Release|ARM = Release|ARM
		Release|ARM64 = Release|ARM64
		Release|x64 = Release|x64
		Release|x86 = Release|x86
	EndGlobalSection
	GlobalSection(ProjectConfigurationPlatforms) = postSolution
		{98F1B6D2-57D5-4674-8671-E9D85A3F2B9D}.Debug|Any CPU.ActiveCfg = Debug|Any CPU
		{98F1B6D2-57D5-4674-8671-E9D85A3F2B9D}.Debug|Any CPU.Build.0 = Debug|Any CPU
		{98F1B6D2-57D5-4674-8671-E9D85A3F2B9D}.Debug|ARM.ActiveCfg = Debug|Any CPU
		{98F1B6D2-57D5-4674-8671-E9D85A3F2B9D}.Debug|ARM.Build.0 = Debug|Any CPU
		{98F1B6D2-57D5-4674-8671-E9D85A3F2B9D}.Debug|ARM64.ActiveCfg = Debug|Any CPU
		{98F1B6D2-57D5-4674-8671-E9D85A3F2B9D}.Debug|ARM64.Build.0 = Debug|Any CPU
		{98F1B6D2-57D5-4674-8671-E9D85A3F2B9D}.Debug|x64.ActiveCfg = Debug|Any CPU
		{98F1B6D2-57D5-4674-8671-E9D85A3F2B9D}.Debug|x64.Build.0 = Debug|Any CPU
		{98F1B6D2-57D5-4674-8671-E9D85A3F2B9D}.Debug|x86.ActiveCfg = Debug|Any CPU
		{98F1B6D2-57D5-4674-8671-E9D85A3F2B9D}.Debug|x86.Build.0 = Debug|Any CPU
		{98F1B6D2-57D5-4674-8671-E9D85A3F2B9D}.Release|Any CPU.ActiveCfg = Release|Any CPU
		{98F1B6D2-57D5-4674-8671-E9D85A3F2B9D}.Release|Any CPU.Build.0 = Release|Any CPU
		{98F1B6D2-57D5-4674-8671-E9D85A3F2B9D}.Release|ARM.ActiveCfg = Release|Any CPU
		{98F1B6D2-57D5-4674-8671-E9D85A3F2B9D}.Release|ARM.Build.0 = Release|Any CPU
		{98F1B6D2-57D5-4674-8671-E9D85A3F2B9D}.Release|ARM64.ActiveCfg = Release|Any CPU
		{98F1B6D2-57D5-4674-8671-E9D85A3F2B9D}.Release|ARM64.Build.0 = Release|Any CPU
		{98F1B6D2-57D5-4674-8671-E9D85A3F2B9D}.Release|x64.ActiveCfg = Release|Any CPU
		{98F1B6D2-57D5-4674-8671-E9D85A3F2B9D}.Release|x64.Build.0 = Release|Any CPU
		{98F1B6D2-57D5-4674-8671-E9D85A3F2B9D}.Release|x86.ActiveCfg = Release|Any CPU
		{98F1B6D2-57D5-4674-8671-E9D85A3F2B9D}.Release|x86.Build.0 = Release|Any CPU
		{1B6E120D-0D29-45C4-A604-DF092A19D246}.Debug|Any CPU.ActiveCfg = Debug|Any CPU
		{1B6E120D-0D29-45C4-A604-DF092A19D246}.Debug|Any CPU.Build.0 = Debug|Any CPU
		{1B6E120D-0D29-45C4-A604-DF092A19D246}.Debug|ARM.ActiveCfg = Debug|Any CPU
		{1B6E120D-0D29-45C4-A604-DF092A19D246}.Debug|ARM.Build.0 = Debug|Any CPU
		{1B6E120D-0D29-45C4-A604-DF092A19D246}.Debug|ARM64.ActiveCfg = Debug|Any CPU
		{1B6E120D-0D29-45C4-A604-DF092A19D246}.Debug|ARM64.Build.0 = Debug|Any CPU
		{1B6E120D-0D29-45C4-A604-DF092A19D246}.Debug|x64.ActiveCfg = Debug|Any CPU
		{1B6E120D-0D29-45C4-A604-DF092A19D246}.Debug|x64.Build.0 = Debug|Any CPU
		{1B6E120D-0D29-45C4-A604-DF092A19D246}.Debug|x86.ActiveCfg = Debug|Any CPU
		{1B6E120D-0D29-45C4-A604-DF092A19D246}.Debug|x86.Build.0 = Debug|Any CPU
		{1B6E120D-0D29-45C4-A604-DF092A19D246}.Release|Any CPU.ActiveCfg = Release|Any CPU
		{1B6E120D-0D29-45C4-A604-DF092A19D246}.Release|Any CPU.Build.0 = Release|Any CPU
		{1B6E120D-0D29-45C4-A604-DF092A19D246}.Release|ARM.ActiveCfg = Release|Any CPU
		{1B6E120D-0D29-45C4-A604-DF092A19D246}.Release|ARM.Build.0 = Release|Any CPU
		{1B6E120D-0D29-45C4-A604-DF092A19D246}.Release|ARM64.ActiveCfg = Release|Any CPU
		{1B6E120D-0D29-45C4-A604-DF092A19D246}.Release|ARM64.Build.0 = Release|Any CPU
		{1B6E120D-0D29-45C4-A604-DF092A19D246}.Release|x64.ActiveCfg = Release|Any CPU
		{1B6E120D-0D29-45C4-A604-DF092A19D246}.Release|x64.Build.0 = Release|Any CPU
		{1B6E120D-0D29-45C4-A604-DF092A19D246}.Release|x86.ActiveCfg = Release|Any CPU
		{1B6E120D-0D29-45C4-A604-DF092A19D246}.Release|x86.Build.0 = Release|Any CPU
		{520562B6-0785-4D84-B862-5E089B352F32}.Debug|Any CPU.ActiveCfg = Debug|Any CPU
		{520562B6-0785-4D84-B862-5E089B352F32}.Debug|Any CPU.Build.0 = Debug|Any CPU
		{520562B6-0785-4D84-B862-5E089B352F32}.Debug|ARM.ActiveCfg = Debug|Any CPU
		{520562B6-0785-4D84-B862-5E089B352F32}.Debug|ARM.Build.0 = Debug|Any CPU
		{520562B6-0785-4D84-B862-5E089B352F32}.Debug|ARM64.ActiveCfg = Debug|Any CPU
		{520562B6-0785-4D84-B862-5E089B352F32}.Debug|ARM64.Build.0 = Debug|Any CPU
		{520562B6-0785-4D84-B862-5E089B352F32}.Debug|x64.ActiveCfg = Debug|Any CPU
		{520562B6-0785-4D84-B862-5E089B352F32}.Debug|x64.Build.0 = Debug|Any CPU
		{520562B6-0785-4D84-B862-5E089B352F32}.Debug|x86.ActiveCfg = Debug|Any CPU
		{520562B6-0785-4D84-B862-5E089B352F32}.Debug|x86.Build.0 = Debug|Any CPU
		{520562B6-0785-4D84-B862-5E089B352F32}.Release|Any CPU.ActiveCfg = Release|Any CPU
		{520562B6-0785-4D84-B862-5E089B352F32}.Release|Any CPU.Build.0 = Release|Any CPU
		{520562B6-0785-4D84-B862-5E089B352F32}.Release|ARM.ActiveCfg = Release|Any CPU
		{520562B6-0785-4D84-B862-5E089B352F32}.Release|ARM.Build.0 = Release|Any CPU
		{520562B6-0785-4D84-B862-5E089B352F32}.Release|ARM64.ActiveCfg = Release|Any CPU
		{520562B6-0785-4D84-B862-5E089B352F32}.Release|ARM64.Build.0 = Release|Any CPU
		{520562B6-0785-4D84-B862-5E089B352F32}.Release|x64.ActiveCfg = Release|Any CPU
		{520562B6-0785-4D84-B862-5E089B352F32}.Release|x64.Build.0 = Release|Any CPU
		{520562B6-0785-4D84-B862-5E089B352F32}.Release|x86.ActiveCfg = Release|Any CPU
		{520562B6-0785-4D84-B862-5E089B352F32}.Release|x86.Build.0 = Release|Any CPU
		{C41C7446-4E7B-47D5-9C24-5E498F42EDFB}.Debug|Any CPU.ActiveCfg = Debug|Any CPU
		{C41C7446-4E7B-47D5-9C24-5E498F42EDFB}.Debug|Any CPU.Build.0 = Debug|Any CPU
		{C41C7446-4E7B-47D5-9C24-5E498F42EDFB}.Debug|ARM.ActiveCfg = Debug|Any CPU
		{C41C7446-4E7B-47D5-9C24-5E498F42EDFB}.Debug|ARM.Build.0 = Debug|Any CPU
		{C41C7446-4E7B-47D5-9C24-5E498F42EDFB}.Debug|ARM64.ActiveCfg = Debug|Any CPU
		{C41C7446-4E7B-47D5-9C24-5E498F42EDFB}.Debug|ARM64.Build.0 = Debug|Any CPU
		{C41C7446-4E7B-47D5-9C24-5E498F42EDFB}.Debug|x64.ActiveCfg = Debug|Any CPU
		{C41C7446-4E7B-47D5-9C24-5E498F42EDFB}.Debug|x64.Build.0 = Debug|Any CPU
		{C41C7446-4E7B-47D5-9C24-5E498F42EDFB}.Debug|x86.ActiveCfg = Debug|Any CPU
		{C41C7446-4E7B-47D5-9C24-5E498F42EDFB}.Debug|x86.Build.0 = Debug|Any CPU
		{C41C7446-4E7B-47D5-9C24-5E498F42EDFB}.Release|Any CPU.ActiveCfg = Release|Any CPU
		{C41C7446-4E7B-47D5-9C24-5E498F42EDFB}.Release|Any CPU.Build.0 = Release|Any CPU
		{C41C7446-4E7B-47D5-9C24-5E498F42EDFB}.Release|ARM.ActiveCfg = Release|Any CPU
		{C41C7446-4E7B-47D5-9C24-5E498F42EDFB}.Release|ARM.Build.0 = Release|Any CPU
		{C41C7446-4E7B-47D5-9C24-5E498F42EDFB}.Release|ARM64.ActiveCfg = Release|Any CPU
		{C41C7446-4E7B-47D5-9C24-5E498F42EDFB}.Release|ARM64.Build.0 = Release|Any CPU
		{C41C7446-4E7B-47D5-9C24-5E498F42EDFB}.Release|x64.ActiveCfg = Release|Any CPU
		{C41C7446-4E7B-47D5-9C24-5E498F42EDFB}.Release|x64.Build.0 = Release|Any CPU
		{C41C7446-4E7B-47D5-9C24-5E498F42EDFB}.Release|x86.ActiveCfg = Release|Any CPU
		{C41C7446-4E7B-47D5-9C24-5E498F42EDFB}.Release|x86.Build.0 = Release|Any CPU
		{CAC3A3AF-40BD-47F5-AB79-129B008A93EF}.Debug|Any CPU.ActiveCfg = Debug|Any CPU
		{CAC3A3AF-40BD-47F5-AB79-129B008A93EF}.Debug|Any CPU.Build.0 = Debug|Any CPU
		{CAC3A3AF-40BD-47F5-AB79-129B008A93EF}.Debug|ARM.ActiveCfg = Debug|Any CPU
		{CAC3A3AF-40BD-47F5-AB79-129B008A93EF}.Debug|ARM.Build.0 = Debug|Any CPU
		{CAC3A3AF-40BD-47F5-AB79-129B008A93EF}.Debug|ARM64.ActiveCfg = Debug|Any CPU
		{CAC3A3AF-40BD-47F5-AB79-129B008A93EF}.Debug|ARM64.Build.0 = Debug|Any CPU
		{CAC3A3AF-40BD-47F5-AB79-129B008A93EF}.Debug|x64.ActiveCfg = Debug|Any CPU
		{CAC3A3AF-40BD-47F5-AB79-129B008A93EF}.Debug|x64.Build.0 = Debug|Any CPU
		{CAC3A3AF-40BD-47F5-AB79-129B008A93EF}.Debug|x86.ActiveCfg = Debug|Any CPU
		{CAC3A3AF-40BD-47F5-AB79-129B008A93EF}.Debug|x86.Build.0 = Debug|Any CPU
		{CAC3A3AF-40BD-47F5-AB79-129B008A93EF}.Release|Any CPU.ActiveCfg = Release|Any CPU
		{CAC3A3AF-40BD-47F5-AB79-129B008A93EF}.Release|Any CPU.Build.0 = Release|Any CPU
		{CAC3A3AF-40BD-47F5-AB79-129B008A93EF}.Release|ARM.ActiveCfg = Release|Any CPU
		{CAC3A3AF-40BD-47F5-AB79-129B008A93EF}.Release|ARM.Build.0 = Release|Any CPU
		{CAC3A3AF-40BD-47F5-AB79-129B008A93EF}.Release|ARM64.ActiveCfg = Release|Any CPU
		{CAC3A3AF-40BD-47F5-AB79-129B008A93EF}.Release|ARM64.Build.0 = Release|Any CPU
		{CAC3A3AF-40BD-47F5-AB79-129B008A93EF}.Release|x64.ActiveCfg = Release|Any CPU
		{CAC3A3AF-40BD-47F5-AB79-129B008A93EF}.Release|x64.Build.0 = Release|Any CPU
		{CAC3A3AF-40BD-47F5-AB79-129B008A93EF}.Release|x86.ActiveCfg = Release|Any CPU
		{CAC3A3AF-40BD-47F5-AB79-129B008A93EF}.Release|x86.Build.0 = Release|Any CPU
		{501D96D6-E5DC-4C60-9DF6-C01E3EE166AC}.Debug|Any CPU.ActiveCfg = Debug|Any CPU
		{501D96D6-E5DC-4C60-9DF6-C01E3EE166AC}.Debug|Any CPU.Build.0 = Debug|Any CPU
		{501D96D6-E5DC-4C60-9DF6-C01E3EE166AC}.Debug|ARM.ActiveCfg = Debug|Any CPU
		{501D96D6-E5DC-4C60-9DF6-C01E3EE166AC}.Debug|ARM.Build.0 = Debug|Any CPU
		{501D96D6-E5DC-4C60-9DF6-C01E3EE166AC}.Debug|ARM64.ActiveCfg = Debug|Any CPU
		{501D96D6-E5DC-4C60-9DF6-C01E3EE166AC}.Debug|ARM64.Build.0 = Debug|Any CPU
		{501D96D6-E5DC-4C60-9DF6-C01E3EE166AC}.Debug|x64.ActiveCfg = Debug|Any CPU
		{501D96D6-E5DC-4C60-9DF6-C01E3EE166AC}.Debug|x64.Build.0 = Debug|Any CPU
		{501D96D6-E5DC-4C60-9DF6-C01E3EE166AC}.Debug|x86.ActiveCfg = Debug|Any CPU
		{501D96D6-E5DC-4C60-9DF6-C01E3EE166AC}.Debug|x86.Build.0 = Debug|Any CPU
		{501D96D6-E5DC-4C60-9DF6-C01E3EE166AC}.Release|Any CPU.ActiveCfg = Release|Any CPU
		{501D96D6-E5DC-4C60-9DF6-C01E3EE166AC}.Release|Any CPU.Build.0 = Release|Any CPU
		{501D96D6-E5DC-4C60-9DF6-C01E3EE166AC}.Release|ARM.ActiveCfg = Release|Any CPU
		{501D96D6-E5DC-4C60-9DF6-C01E3EE166AC}.Release|ARM.Build.0 = Release|Any CPU
		{501D96D6-E5DC-4C60-9DF6-C01E3EE166AC}.Release|ARM64.ActiveCfg = Release|Any CPU
		{501D96D6-E5DC-4C60-9DF6-C01E3EE166AC}.Release|ARM64.Build.0 = Release|Any CPU
		{501D96D6-E5DC-4C60-9DF6-C01E3EE166AC}.Release|x64.ActiveCfg = Release|Any CPU
		{501D96D6-E5DC-4C60-9DF6-C01E3EE166AC}.Release|x64.Build.0 = Release|Any CPU
		{501D96D6-E5DC-4C60-9DF6-C01E3EE166AC}.Release|x86.ActiveCfg = Release|Any CPU
		{501D96D6-E5DC-4C60-9DF6-C01E3EE166AC}.Release|x86.Build.0 = Release|Any CPU
		{3ECB8EDF-9BD8-4D40-92E4-FDAFF0FAC018}.Debug|Any CPU.ActiveCfg = Debug|Any CPU
		{3ECB8EDF-9BD8-4D40-92E4-FDAFF0FAC018}.Debug|Any CPU.Build.0 = Debug|Any CPU
		{3ECB8EDF-9BD8-4D40-92E4-FDAFF0FAC018}.Debug|ARM.ActiveCfg = Debug|Any CPU
		{3ECB8EDF-9BD8-4D40-92E4-FDAFF0FAC018}.Debug|ARM.Build.0 = Debug|Any CPU
		{3ECB8EDF-9BD8-4D40-92E4-FDAFF0FAC018}.Debug|ARM64.ActiveCfg = Debug|Any CPU
		{3ECB8EDF-9BD8-4D40-92E4-FDAFF0FAC018}.Debug|ARM64.Build.0 = Debug|Any CPU
		{3ECB8EDF-9BD8-4D40-92E4-FDAFF0FAC018}.Debug|x64.ActiveCfg = Debug|Any CPU
		{3ECB8EDF-9BD8-4D40-92E4-FDAFF0FAC018}.Debug|x64.Build.0 = Debug|Any CPU
		{3ECB8EDF-9BD8-4D40-92E4-FDAFF0FAC018}.Debug|x86.ActiveCfg = Debug|Any CPU
		{3ECB8EDF-9BD8-4D40-92E4-FDAFF0FAC018}.Debug|x86.Build.0 = Debug|Any CPU
		{3ECB8EDF-9BD8-4D40-92E4-FDAFF0FAC018}.Release|Any CPU.ActiveCfg = Release|Any CPU
		{3ECB8EDF-9BD8-4D40-92E4-FDAFF0FAC018}.Release|Any CPU.Build.0 = Release|Any CPU
		{3ECB8EDF-9BD8-4D40-92E4-FDAFF0FAC018}.Release|ARM.ActiveCfg = Release|Any CPU
		{3ECB8EDF-9BD8-4D40-92E4-FDAFF0FAC018}.Release|ARM.Build.0 = Release|Any CPU
		{3ECB8EDF-9BD8-4D40-92E4-FDAFF0FAC018}.Release|ARM64.ActiveCfg = Release|Any CPU
		{3ECB8EDF-9BD8-4D40-92E4-FDAFF0FAC018}.Release|ARM64.Build.0 = Release|Any CPU
		{3ECB8EDF-9BD8-4D40-92E4-FDAFF0FAC018}.Release|x64.ActiveCfg = Release|Any CPU
		{3ECB8EDF-9BD8-4D40-92E4-FDAFF0FAC018}.Release|x64.Build.0 = Release|Any CPU
		{3ECB8EDF-9BD8-4D40-92E4-FDAFF0FAC018}.Release|x86.ActiveCfg = Release|Any CPU
		{3ECB8EDF-9BD8-4D40-92E4-FDAFF0FAC018}.Release|x86.Build.0 = Release|Any CPU
		{CC1EFFFA-C279-4C06-8FD0-4989A0CFD201}.Debug|Any CPU.ActiveCfg = Debug|Any CPU
		{CC1EFFFA-C279-4C06-8FD0-4989A0CFD201}.Debug|Any CPU.Build.0 = Debug|Any CPU
		{CC1EFFFA-C279-4C06-8FD0-4989A0CFD201}.Debug|ARM.ActiveCfg = Debug|Any CPU
		{CC1EFFFA-C279-4C06-8FD0-4989A0CFD201}.Debug|ARM.Build.0 = Debug|Any CPU
		{CC1EFFFA-C279-4C06-8FD0-4989A0CFD201}.Debug|ARM64.ActiveCfg = Debug|Any CPU
		{CC1EFFFA-C279-4C06-8FD0-4989A0CFD201}.Debug|ARM64.Build.0 = Debug|Any CPU
		{CC1EFFFA-C279-4C06-8FD0-4989A0CFD201}.Debug|x64.ActiveCfg = Debug|Any CPU
		{CC1EFFFA-C279-4C06-8FD0-4989A0CFD201}.Debug|x64.Build.0 = Debug|Any CPU
		{CC1EFFFA-C279-4C06-8FD0-4989A0CFD201}.Debug|x86.ActiveCfg = Debug|Any CPU
		{CC1EFFFA-C279-4C06-8FD0-4989A0CFD201}.Debug|x86.Build.0 = Debug|Any CPU
		{CC1EFFFA-C279-4C06-8FD0-4989A0CFD201}.Release|Any CPU.ActiveCfg = Release|Any CPU
		{CC1EFFFA-C279-4C06-8FD0-4989A0CFD201}.Release|Any CPU.Build.0 = Release|Any CPU
		{CC1EFFFA-C279-4C06-8FD0-4989A0CFD201}.Release|ARM.ActiveCfg = Release|Any CPU
		{CC1EFFFA-C279-4C06-8FD0-4989A0CFD201}.Release|ARM.Build.0 = Release|Any CPU
		{CC1EFFFA-C279-4C06-8FD0-4989A0CFD201}.Release|ARM64.ActiveCfg = Release|Any CPU
		{CC1EFFFA-C279-4C06-8FD0-4989A0CFD201}.Release|ARM64.Build.0 = Release|Any CPU
		{CC1EFFFA-C279-4C06-8FD0-4989A0CFD201}.Release|x64.ActiveCfg = Release|Any CPU
		{CC1EFFFA-C279-4C06-8FD0-4989A0CFD201}.Release|x64.Build.0 = Release|Any CPU
		{CC1EFFFA-C279-4C06-8FD0-4989A0CFD201}.Release|x86.ActiveCfg = Release|Any CPU
		{CC1EFFFA-C279-4C06-8FD0-4989A0CFD201}.Release|x86.Build.0 = Release|Any CPU
	EndGlobalSection
	GlobalSection(SolutionProperties) = preSolution
		HideSolutionNode = FALSE
	EndGlobalSection
	GlobalSection(NestedProjects) = preSolution
		{1B6E120D-0D29-45C4-A604-DF092A19D246} = {61138649-755F-47E7-B93E-4C826A8705F2}
		{520562B6-0785-4D84-B862-5E089B352F32} = {61138649-755F-47E7-B93E-4C826A8705F2}
		{C41C7446-4E7B-47D5-9C24-5E498F42EDFB} = {61138649-755F-47E7-B93E-4C826A8705F2}
		{CAC3A3AF-40BD-47F5-AB79-129B008A93EF} = {61138649-755F-47E7-B93E-4C826A8705F2}
		{501D96D6-E5DC-4C60-9DF6-C01E3EE166AC} = {FD47354F-DDB9-4D3D-9BCC-CB020229A18B}
		{3ECB8EDF-9BD8-4D40-92E4-FDAFF0FAC018} = {3AAB07A4-B154-4FBF-96DE-8CE08627EE57}
		{CC1EFFFA-C279-4C06-8FD0-4989A0CFD201} = {3454AA56-4434-42A0-849B-27E845A9D7B3}
	EndGlobalSection
	GlobalSection(ExtensibilityGlobals) = postSolution
		SolutionGuid = {559AF32B-02C7-470C-B27A-3AFF6111EF4D}
	EndGlobalSection
EndGlobal
